{
  "name": "vite_react_shadcn_ts",
  "version": "0.0.0",
  "lockfileVersion": 3,
  "requires": true,
  "packages": {
    "": {
      "name": "vite_react_shadcn_ts",
      "version": "0.0.0",
      "dependencies": {
        "@hookform/resolvers": "^3.10.0",
        "@lovable.dev/mcp-js": "^0.20.0",
        "@radix-ui/react-avatar": "^1.1.10",
        "@radix-ui/react-dialog": "^1.1.14",
        "@radix-ui/react-dropdown-menu": "^2.1.15",
        "@radix-ui/react-label": "^2.1.7",
        "@radix-ui/react-popover": "^1.1.14",
        "@radix-ui/react-scroll-area": "^1.2.9",
        "@radix-ui/react-separator": "^1.1.7",
        "@radix-ui/react-slot": "^1.2.3",
        "@radix-ui/react-tooltip": "^1.2.7",
        "@supabase/supabase-js": "^2.110.0",
        "@tanstack/react-query": "^5.83.0",
        "class-variance-authority": "^0.7.1",
        "clsx": "^2.1.1",
        "cmdk": "^1.1.1",
        "lucide-react": "^0.462.0",
        "next-themes": "^0.3.0",
        "react": "^18.3.1",
        "react-dom": "^18.3.1",
        "react-hook-form": "^7.61.1",
        "react-router-dom": "^6.30.1",
        "sonner": "^1.7.4",
        "tailwind-merge": "^2.6.0",
        "tailwindcss-animate": "^1.0.7",
        "zod": "^3.25.76"
      }
    }
  },
  "dependencies": {
    "@hookform/resolvers": {
      "version": "^3.10.0"
    },
    "@lovable.dev/mcp-js": {
      "version": "^0.20.0"
    },
    "@radix-ui/react-avatar": {
      "version": "^1.1.10"
    },
    "@radix-ui/react-dialog": {
      "version": "^1.1.14"
    },
    "@radix-ui/react-dropdown-menu": {
      "version": "^2.1.15"
    },
    "@radix-ui/react-label": {
      "version": "^2.1.7"
    },
    "@radix-ui/react-popover": {
      "version": "^1.1.14"
    },
    "@radix-ui/react-scroll-area": {
      "version": "^1.2.9"
    },
    "@radix-ui/react-separator": {
      "version": "^1.1.7"
    },
    "@radix-ui/react-slot": {
      "version": "^1.2.3"
    },
    "@radix-ui/react-tooltip": {
      "version": "^1.2.7"
    },
    "@supabase/supabase-js": {
      "version": "^2.110.0"
    },
    "@tanstack/react-query": {
      "version": "^5.83.0"
    },
    "class-variance-authority": {
      "version": "^0.7.1"
    },
    "clsx": {
      "version": "^2.1.1"
    },
    "cmdk": {
      "version": "^1.1.1"
    },
    "lucide-react": {
      "version": "^0.462.0"
    },
    "next-themes": {
      "version": "^0.3.0"
    },
    "react": {
      "version": "^18.3.1"
    },
    "react-dom": {
      "version": "^18.3.1"
    },
    "react-hook-form": {
      "version": "^7.61.1"
    },
    "react-router-dom": {
      "version": "^6.30.1"
    },
    "sonner": {
      "version": "^1.7.4"
    },
    "tailwind-merge": {
      "version": "^2.6.0"
    },
    "tailwindcss-animate": {
      "version": "^1.0.7"
    },
    "zod": {
      "version": "^3.25.76"
    }
  }
}
